
Microsoft Visual Studio Solution File, Format Version 12.00
# Visual Studio 15
VisualStudioVersion = 15.0.27428.2027
MinimumVisualStudioVersion = 10.0.40219.1
Project("{9A19103F-16F7-4668-BE54-9A1E7A4F7556}") = "MinhaCarteiraRazor", "MinhaCarteiraRazor\MinhaCarteiraRazor.csproj", "{50DC53F7-FF71-44FF-94BE-C2D8D174E7BB}"
EndProject
Project("{9A19103F-16F7-4668-BE54-9A1E7A4F7556}") = "MinhaCarteiraRazor.Core", "MinhaCarteiraRazor.Core\MinhaCarteiraRazor.Core.csproj", "{332F39F5-6346-4D43-90AD-DBBF14B2E713}"
EndProject
Project("{9A19103F-16F7-4668-BE54-9A1E7A4F7556}") = "MinhaCarteiraRazor.Data", "MinhaCarteiraRazor.Data\MinhaCarteiraRazor.Data.csproj", "{2502105A-7CCE-4AA8-92ED-756C309A4784}"
EndProject
Project("{FAE04EC0-301F-11D3-BF4B-00C04F79EFBC}") = "MinhaCarteiraRazor.Core.Entities", "MinhaCarteiraRazor.Core.Entities\MinhaCarteiraRazor.Core.Entities.csproj", "{A428F965-8CD2-4AE8-B4F6-2F928EF0DD7F}"
EndProject
Global
	GlobalSection(SolutionConfigurationPlatforms) = preSolution
		Debug|Any CPU = Debug|Any CPU
		Release|Any CPU = Release|Any CPU
	EndGlobalSection
	GlobalSection(ProjectConfigurationPlatforms) = postSolution
		{50DC53F7-FF71-44FF-94BE-C2D8D174E7BB}.Debug|Any CPU.ActiveCfg = Debug|Any CPU
		{50DC53F7-FF71-44FF-94BE-C2D8D174E7BB}.Debug|Any CPU.Build.0 = Debug|Any CPU
		{50DC53F7-FF71-44FF-94BE-C2D8D174E7BB}.Release|Any CPU.ActiveCfg = Release|Any CPU
		{50DC53F7-FF71-44FF-94BE-C2D8D174E7BB}.Release|Any CPU.Build.0 = Release|Any CPU
		{332F39F5-6346-4D43-90AD-DBBF14B2E713}.Debug|Any CPU.ActiveCfg = Debug|Any CPU
		{332F39F5-6346-4D43-90AD-DBBF14B2E713}.Debug|Any CPU.Build.0 = Debug|Any CPU
		{332F39F5-6346-4D43-90AD-DBBF14B2E713}.Release|Any CPU.ActiveCfg = Release|Any CPU
		{332F39F5-6346-4D43-90AD-DBBF14B2E713}.Release|Any CPU.Build.0 = Release|Any CPU
		{2502105A-7CCE-4AA8-92ED-756C309A4784}.Debug|Any CPU.ActiveCfg = Debug|Any CPU
		{2502105A-7CCE-4AA8-92ED-756C309A4784}.Debug|Any CPU.Build.0 = Debug|Any CPU
		{2502105A-7CCE-4AA8-92ED-756C309A4784}.Release|Any CPU.ActiveCfg = Release|Any CPU
		{2502105A-7CCE-4AA8-92ED-756C309A4784}.Release|Any CPU.Build.0 = Release|Any CPU
		{A428F965-8CD2-4AE8-B4F6-2F928EF0DD7F}.Debug|Any CPU.ActiveCfg = Debug|Any CPU
		{A428F965-8CD2-4AE8-B4F6-2F928EF0DD7F}.Debug|Any CPU.Build.0 = Debug|Any CPU
		{A428F965-8CD2-4AE8-B4F6-2F928EF0DD7F}.Release|Any CPU.ActiveCfg = Release|Any CPU
		{A428F965-8CD2-4AE8-B4F6-2F928EF0DD7F}.Release|Any CPU.Build.0 = Release|Any CPU
	EndGlobalSection
	GlobalSection(SolutionProperties) = preSolution
		HideSolutionNode = FALSE
	EndGlobalSection
	GlobalSection(ExtensibilityGlobals) = postSolution
		SolutionGuid = {877B2BCC-B83A-4713-A34B-B725DE5542C0}
	EndGlobalSection
EndGlobal
